
Microsoft Visual Studio Solution File, Format Version 12.00
# Visual Studio Version 17
VisualStudioVersion = 17.4.32916.344
MinimumVisualStudioVersion = 10.0.40219.1
Project("{FAE04EC0-301F-11D3-BF4B-00C04F79EFBC}") = "Prog_122_Lecture_10_ComboAndListBoxes", "Prog_122_Lecture_10_ComboAndListBoxes.csproj", "{34D61DC9-CD50-4424-90D2-E904B558F027}"
EndProject
Global
	GlobalSection(SolutionConfigurationPlatforms) = preSolution
		Debug|Any CPU = Debug|Any CPU
		Release|Any CPU = Release|Any CPU
	EndGlobalSection
	GlobalSection(ProjectConfigurationPlatforms) = postSolution
		{34D61DC9-CD50-4424-90D2-E904B558F027}.Debug|Any CPU.ActiveCfg = Debug|Any CPU
		{34D61DC9-CD50-4424-90D2-E904B558F027}.Debug|Any CPU.Build.0 = Debug|Any CPU
		{34D61DC9-CD50-4424-90D2-E904B558F027}.Release|Any CPU.ActiveCfg = Release|Any CPU
		{34D61DC9-CD50-4424-90D2-E904B558F027}.Release|Any CPU.Build.0 = Release|Any CPU
	EndGlobalSection
	GlobalSection(SolutionProperties) = preSolution
		HideSolutionNode = FALSE
	EndGlobalSection
	GlobalSection(ExtensibilityGlobals) = postSolution
		SolutionGuid = {71CA45AF-DF33-4109-835A-D2824F497BB3}
	EndGlobalSection
EndGlobal
